
Microsoft Visual Studio Solution File, Format Version 12.00
# Visual Studio 15
Project("{FAE04EC0-301F-11D3-BF4B-00C04F79EFBC}") = "Assembly-CSharp", "Assembly-CSharp.csproj", "{C7F14449-20DC-8072-7680-E50AE24BA556}"
EndProject
Project("{FAE04EC0-301F-11D3-BF4B-00C04F79EFBC}") = "Assembly-CSharp-Editor", "Assembly-CSharp-Editor.csproj", "{F8C66E9D-0F82-CCEA-4781-361D78A828E4}"
EndProject
Global
	GlobalSection(SolutionConfigurationPlatforms) = preSolution
		Debug|Any CPU = Debug|Any CPU
		Release|Any CPU = Release|Any CPU
	EndGlobalSection
	GlobalSection(ProjectConfigurationPlatforms) = postSolution
		{C7F14449-20DC-8072-7680-E50AE24BA556}.Debug|Any CPU.ActiveCfg = Debug|Any CPU
		{C7F14449-20DC-8072-7680-E50AE24BA556}.Debug|Any CPU.Build.0 = Debug|Any CPU
		{C7F14449-20DC-8072-7680-E50AE24BA556}.Release|Any CPU.ActiveCfg = Release|Any CPU
		{C7F14449-20DC-8072-7680-E50AE24BA556}.Release|Any CPU.Build.0 = Release|Any CPU
		{F8C66E9D-0F82-CCEA-4781-361D78A828E4}.Debug|Any CPU.ActiveCfg = Debug|Any CPU
		{F8C66E9D-0F82-CCEA-4781-361D78A828E4}.Debug|Any CPU.Build.0 = Debug|Any CPU
		{F8C66E9D-0F82-CCEA-4781-361D78A828E4}.Release|Any CPU.ActiveCfg = Release|Any CPU
		{F8C66E9D-0F82-CCEA-4781-361D78A828E4}.Release|Any CPU.Build.0 = Release|Any CPU
	EndGlobalSection
	GlobalSection(SolutionProperties) = preSolution
		HideSolutionNode = FALSE
	EndGlobalSection
EndGlobal
