
Microsoft Visual Studio Solution File, Format Version 12.00
# Visual Studio Version 17
VisualStudioVersion = 17.6.33706.43
MinimumVisualStudioVersion = 10.0.40219.1
Project("{FAE04EC0-301F-11D3-BF4B-00C04F79EFBC}") = "TECore", "TECore\TECore.csproj", "{CFB11EEF-DA4F-4C39-82D8-8127A55A44FF}"
EndProject
Global
	GlobalSection(SolutionConfigurationPlatforms) = preSolution
		Debug|Any CPU = Debug|Any CPU
		Release|Any CPU = Release|Any CPU
	EndGlobalSection
	GlobalSection(ProjectConfigurationPlatforms) = postSolution
		{CFB11EEF-DA4F-4C39-82D8-8127A55A44FF}.Debug|Any CPU.ActiveCfg = Debug|Any CPU
		{CFB11EEF-DA4F-4C39-82D8-8127A55A44FF}.Debug|Any CPU.Build.0 = Debug|Any CPU
		{CFB11EEF-DA4F-4C39-82D8-8127A55A44FF}.Release|Any CPU.ActiveCfg = Release|Any CPU
		{CFB11EEF-DA4F-4C39-82D8-8127A55A44FF}.Release|Any CPU.Build.0 = Release|Any CPU
	EndGlobalSection
	GlobalSection(SolutionProperties) = preSolution
		HideSolutionNode = FALSE
	EndGlobalSection
	GlobalSection(ExtensibilityGlobals) = postSolution
		SolutionGuid = {C75ECB1D-7E71-4287-8C49-73AC5D16AC24}
	EndGlobalSection
EndGlobal
